
Microsoft Visual Studio Solution File, Format Version 12.00
# Visual Studio Version 17
VisualStudioVersion = 17.13.35828.75 d17.13
MinimumVisualStudioVersion = 10.0.40219.1
Project("{FAE04EC0-301F-11D3-BF4B-00C04F79EFBC}") = "homework_1", "homework_1\homework_1.csproj", "{852D3191-6B34-4DE5-8E81-21116AB13EFF}"
EndProject
Global
	GlobalSection(SolutionConfigurationPlatforms) = preSolution
		Debug|Any CPU = Debug|Any CPU
		Release|Any CPU = Release|Any CPU
	EndGlobalSection
	GlobalSection(ProjectConfigurationPlatforms) = postSolution
		{852D3191-6B34-4DE5-8E81-21116AB13EFF}.Debug|Any CPU.ActiveCfg = Debug|Any CPU
		{852D3191-6B34-4DE5-8E81-21116AB13EFF}.Debug|Any CPU.Build.0 = Debug|Any CPU
		{852D3191-6B34-4DE5-8E81-21116AB13EFF}.Release|Any CPU.ActiveCfg = Release|Any CPU
		{852D3191-6B34-4DE5-8E81-21116AB13EFF}.Release|Any CPU.Build.0 = Release|Any CPU
	EndGlobalSection
	GlobalSection(SolutionProperties) = preSolution
		HideSolutionNode = FALSE
	EndGlobalSection
	GlobalSection(ExtensibilityGlobals) = postSolution
		SolutionGuid = {16A65C47-80DE-4536-9598-F9DD8FAADB49}
	EndGlobalSection
EndGlobal
